
Microsoft Visual Studio Solution File, Format Version 12.00
# Visual Studio Version 17
VisualStudioVersion = 17.3.32922.545
MinimumVisualStudioVersion = 10.0.40219.1
Project("{FAE04EC0-301F-11D3-BF4B-00C04F79EFBC}") = "HW2_030423", "HW2_030423\HW2_030423.csproj", "{048C4FE1-5717-4062-81B5-285B52E26578}"
EndProject
Global
	GlobalSection(SolutionConfigurationPlatforms) = preSolution
		Debug|Any CPU = Debug|Any CPU
		Release|Any CPU = Release|Any CPU
	EndGlobalSection
	GlobalSection(ProjectConfigurationPlatforms) = postSolution
		{048C4FE1-5717-4062-81B5-285B52E26578}.Debug|Any CPU.ActiveCfg = Debug|Any CPU
		{048C4FE1-5717-4062-81B5-285B52E26578}.Debug|Any CPU.Build.0 = Debug|Any CPU
		{048C4FE1-5717-4062-81B5-285B52E26578}.Release|Any CPU.ActiveCfg = Release|Any CPU
		{048C4FE1-5717-4062-81B5-285B52E26578}.Release|Any CPU.Build.0 = Release|Any CPU
	EndGlobalSection
	GlobalSection(SolutionProperties) = preSolution
		HideSolutionNode = FALSE
	EndGlobalSection
	GlobalSection(ExtensibilityGlobals) = postSolution
		SolutionGuid = {24B1BA91-3C0F-4D1F-AB5D-82332F6ED1D7}
	EndGlobalSection
EndGlobal
